
Microsoft Visual Studio Solution File, Format Version 12.00
# Visual Studio Version 17
VisualStudioVersion = 17.11.35327.3
MinimumVisualStudioVersion = 10.0.40219.1
Project("{F184B08F-C81C-45F6-A57F-5ABD9991F28F}") = "calculatrice", "calculatrice.vbproj", "{C0D546D2-B12F-4BB8-9AF8-B9236ED81E3F}"
EndProject
Global
	GlobalSection(SolutionConfigurationPlatforms) = preSolution
		Debug|Any CPU = Debug|Any CPU
		Release|Any CPU = Release|Any CPU
	EndGlobalSection
	GlobalSection(ProjectConfigurationPlatforms) = postSolution
		{C0D546D2-B12F-4BB8-9AF8-B9236ED81E3F}.Debug|Any CPU.ActiveCfg = Debug|Any CPU
		{C0D546D2-B12F-4BB8-9AF8-B9236ED81E3F}.Debug|Any CPU.Build.0 = Debug|Any CPU
		{C0D546D2-B12F-4BB8-9AF8-B9236ED81E3F}.Release|Any CPU.ActiveCfg = Release|Any CPU
		{C0D546D2-B12F-4BB8-9AF8-B9236ED81E3F}.Release|Any CPU.Build.0 = Release|Any CPU
	EndGlobalSection
	GlobalSection(SolutionProperties) = preSolution
		HideSolutionNode = FALSE
	EndGlobalSection
	GlobalSection(ExtensibilityGlobals) = postSolution
		SolutionGuid = {53388710-4681-427B-80D5-FF8B44C096FC}
	EndGlobalSection
EndGlobal
